
Microsoft Visual Studio Solution File, Format Version 12.00
# Visual Studio Version 16
VisualStudioVersion = 16.0.30907.101
MinimumVisualStudioVersion = 10.0.40219.1
Project("{FAE04EC0-301F-11D3-BF4B-00C04F79EFBC}") = "WebApplication1", "WebApplication1\WebApplication1.csproj", "{24A76BFD-8A25-497B-8D6F-23A0D82B0990}"
EndProject
Project("{FAE04EC0-301F-11D3-BF4B-00C04F79EFBC}") = "WebLib", "WebLib\WebLib.csproj", "{862DCC3A-E825-4C5C-A1F5-59B5922764F1}"
EndProject
Global
	GlobalSection(SolutionConfigurationPlatforms) = preSolution
		Debug|Any CPU = Debug|Any CPU
		Release|Any CPU = Release|Any CPU
	EndGlobalSection
	GlobalSection(ProjectConfigurationPlatforms) = postSolution
		{24A76BFD-8A25-497B-8D6F-23A0D82B0990}.Debug|Any CPU.ActiveCfg = Debug|Any CPU
		{24A76BFD-8A25-497B-8D6F-23A0D82B0990}.Debug|Any CPU.Build.0 = Debug|Any CPU
		{24A76BFD-8A25-497B-8D6F-23A0D82B0990}.Release|Any CPU.ActiveCfg = Release|Any CPU
		{24A76BFD-8A25-497B-8D6F-23A0D82B0990}.Release|Any CPU.Build.0 = Release|Any CPU
		{862DCC3A-E825-4C5C-A1F5-59B5922764F1}.Debug|Any CPU.ActiveCfg = Debug|Any CPU
		{862DCC3A-E825-4C5C-A1F5-59B5922764F1}.Debug|Any CPU.Build.0 = Debug|Any CPU
		{862DCC3A-E825-4C5C-A1F5-59B5922764F1}.Release|Any CPU.ActiveCfg = Release|Any CPU
		{862DCC3A-E825-4C5C-A1F5-59B5922764F1}.Release|Any CPU.Build.0 = Release|Any CPU
	EndGlobalSection
	GlobalSection(SolutionProperties) = preSolution
		HideSolutionNode = FALSE
	EndGlobalSection
	GlobalSection(ExtensibilityGlobals) = postSolution
		SolutionGuid = {85673AAA-7A71-4583-9E85-0FEA6DBB79C8}
	EndGlobalSection
EndGlobal
